
Microsoft Visual Studio Solution File, Format Version 12.00
# Visual Studio Version 17
VisualStudioVersion = 17.3.32819.101
MinimumVisualStudioVersion = 10.0.40219.1
Project("{FAE04EC0-301F-11D3-BF4B-00C04F79EFBC}") = "Quotes", "Quotes\Quotes.csproj", "{735DED5C-D9D0-4829-A1C3-21884966C4DB}"
EndProject
Global
	GlobalSection(SolutionConfigurationPlatforms) = preSolution
		Debug|Any CPU = Debug|Any CPU
		Release|Any CPU = Release|Any CPU
	EndGlobalSection
	GlobalSection(ProjectConfigurationPlatforms) = postSolution
		{735DED5C-D9D0-4829-A1C3-21884966C4DB}.Debug|Any CPU.ActiveCfg = Debug|Any CPU
		{735DED5C-D9D0-4829-A1C3-21884966C4DB}.Debug|Any CPU.Build.0 = Debug|Any CPU
		{735DED5C-D9D0-4829-A1C3-21884966C4DB}.Release|Any CPU.ActiveCfg = Release|Any CPU
		{735DED5C-D9D0-4829-A1C3-21884966C4DB}.Release|Any CPU.Build.0 = Release|Any CPU
	EndGlobalSection
	GlobalSection(SolutionProperties) = preSolution
		HideSolutionNode = FALSE
	EndGlobalSection
	GlobalSection(ExtensibilityGlobals) = postSolution
		SolutionGuid = {6B6AB026-34A0-4537-9C36-1E9B87B0B491}
	EndGlobalSection
EndGlobal
